version = 1
requires-python = ">=3.10"
resolution-markers = [
    "python_full_version < '3.13'",
    "python_full_version >= '3.13'",
]

[[package]]
name = "annotated-types"
version = "0.7.0"
source = { registry = "https://pypi.org/simple" }
sdist = { url = "https://files.pythonhosted.org/packages/ee/67/531ea369ba64dcff5ec9c3402f9f51bf748cec26dde048a2f973a4eea7f5/annotated_types-0.7.0.tar.gz", hash = "sha256:aff07c09a53a08bc8cfccb9c85b05f1aa9a2a6f23728d790723543408344ce89", size = 16081 }
wheels = [
    { url = "https://files.pythonhosted.org/packages/78/b6/6307fbef88d9b5ee7421e68d78a9f162e0da4900bc5f5793f6d3d0e34fb8/annotated_types-0.7.0-py3-none-any.whl", hash = "sha256:1f02e8b43a8fbbc3f3e0d4f0f4bfc8131bcb4eebe8849b8e5c773f3a1c582a53", size = 13643 },
]

[[package]]
name = "colorama"
version = "0.4.6"
source = { registry = "https://pypi.org/simple" }
sdist = { url = "https://files.pythonhosted.org/packages/d8/53/6f443c9a4a8358a93a6792e2acffb9d9d5cb0a5cfd8802644b7b1c9a02e4/colorama-0.4.6.tar.gz", hash = "sha256:08695f5cb7ed6e0531a20572697297273c47b8cae5a63ffc6d6ed5c201be6e44", size = 27697 }
wheels = [
    { url = "https://files.pythonhosted.org/packages/d1/d6/3965ed04c63042e047cb6a3e6ed1a63a35087b6a609aa3a15ed8ac56c221/colorama-0.4.6-py2.py3-none-any.whl", hash = "sha256:4f1d9991f5acc0ca119f9d443620b77f9d6b33703e51011c16baf57afb285fc6", size = 25335 },
]

[[package]]
name = "eris"
version = "0.1.0"
source = { editable = "." }
dependencies = [
    { name = "guppylang" },
]

[package.dev-dependencies]
dev = [
    { name = "pytest" },
    { name = "ruff" },
]

[package.metadata]
requires-dist = [{ name = "guppylang", specifier = ">=0.14.0" }]

[package.metadata.requires-dev]
dev = [
    { name = "pytest", specifier = ">=8.3.3" },
    { name = "ruff", specifier = ">=0.7.3" },
]

[[package]]
name = "exceptiongroup"
version = "1.2.2"
source = { registry = "https://pypi.org/simple" }
sdist = { url = "https://files.pythonhosted.org/packages/09/35/2495c4ac46b980e4ca1f6ad6db102322ef3ad2410b79fdde159a4b0f3b92/exceptiongroup-1.2.2.tar.gz", hash = "sha256:47c2edf7c6738fafb49fd34290706d1a1a2f4d1c6df275526b62cbb4aa5393cc", size = 28883 }
wheels = [
    { url = "https://files.pythonhosted.org/packages/02/cc/b7e31358aac6ed1ef2bb790a9746ac2c69bcb3c8588b41616914eb106eaf/exceptiongroup-1.2.2-py3-none-any.whl", hash = "sha256:3111b9d131c238bec2f8f516e123e14ba243563fb135d3fe885990585aa7795b", size = 16453 },
]

[[package]]
name = "graphviz"
version = "0.20.3"
source = { registry = "https://pypi.org/simple" }
sdist = { url = "https://files.pythonhosted.org/packages/fa/83/5a40d19b8347f017e417710907f824915fba411a9befd092e52746b63e9f/graphviz-0.20.3.zip", hash = "sha256:09d6bc81e6a9fa392e7ba52135a9d49f1ed62526f96499325930e87ca1b5925d", size = 256455 }
wheels = [
    { url = "https://files.pythonhosted.org/packages/00/be/d59db2d1d52697c6adc9eacaf50e8965b6345cc143f671e1ed068818d5cf/graphviz-0.20.3-py3-none-any.whl", hash = "sha256:81f848f2904515d8cd359cc611faba817598d2feaac4027b266aa3eda7b3dde5", size = 47126 },
]

[[package]]
name = "guppylang"
version = "0.14.0"
source = { registry = "https://pypi.org/simple" }
dependencies = [
    { name = "graphviz" },
    { name = "hugr" },
    { name = "networkx" },
    { name = "pydantic" },
    { name = "tket2-exts" },
    { name = "typing-extensions" },
]
sdist = { url = "https://files.pythonhosted.org/packages/82/b6/50bf297ca3ebf378b4df0e6f9fb84fc437c22426f8da3d7e803ba2640ccb/guppylang-0.14.0.tar.gz", hash = "sha256:667f0f8539d9e1071385ebb01589f7a5db0e035b64374141279d7e61f52dcc39", size = 356348 }
wheels = [
    { url = "https://files.pythonhosted.org/packages/22/41/2685016abe6a21dd29893b25333df6406551ef7146878e9774deaea394a9/guppylang-0.14.0-py3-none-any.whl", hash = "sha256:7c388e2448150609a36159e005e13710fc8d7da1eafc369d03dfd97bae8b4560", size = 182006 },
]

[[package]]
name = "hugr"
version = "0.10.1"
source = { registry = "https://pypi.org/simple" }
dependencies = [
    { name = "graphviz" },
    { name = "pydantic" },
    { name = "pydantic-extra-types" },
    { name = "semver" },
]
sdist = { url = "https://files.pythonhosted.org/packages/9b/33/bf22e522bbd16006e943bdea5fbce25407297dab03e8acf2b1b10d1f7be7/hugr-0.10.1.tar.gz", hash = "sha256:35e0a1a31747132f0eaeb05423aba5d7e9708f9cc9fcef52fdeb8cec0618e996", size = 129962 }
wheels = [
    { url = "https://files.pythonhosted.org/packages/d3/b5/9aa16293f131a218ae738916c77bfbd9523208a663bb57414a050cb4836c/hugr-0.10.1-py3-none-any.whl", hash = "sha256:052ba88a840350d98e1e4c0b6b1b4560190aeba1722a5ec2cb148b446626f184", size = 83487 },
]

[[package]]
name = "iniconfig"
version = "2.0.0"
source = { registry = "https://pypi.org/simple" }
sdist = { url = "https://files.pythonhosted.org/packages/d7/4b/cbd8e699e64a6f16ca3a8220661b5f83792b3017d0f79807cb8708d33913/iniconfig-2.0.0.tar.gz", hash = "sha256:2d91e135bf72d31a410b17c16da610a82cb55f6b0477d1a902134b24a455b8b3", size = 4646 }
wheels = [
    { url = "https://files.pythonhosted.org/packages/ef/a6/62565a6e1cf69e10f5727360368e451d4b7f58beeac6173dc9db836a5b46/iniconfig-2.0.0-py3-none-any.whl", hash = "sha256:b6a85871a79d2e3b22d2d1b94ac2824226a63c6b741c88f7ae975f18b6778374", size = 5892 },
]

[[package]]
name = "networkx"
version = "3.4.2"
source = { registry = "https://pypi.org/simple" }
sdist = { url = "https://files.pythonhosted.org/packages/fd/1d/06475e1cd5264c0b870ea2cc6fdb3e37177c1e565c43f56ff17a10e3937f/networkx-3.4.2.tar.gz", hash = "sha256:307c3669428c5362aab27c8a1260aa8f47c4e91d3891f48be0141738d8d053e1", size = 2151368 }
wheels = [
    { url = "https://files.pythonhosted.org/packages/b9/54/dd730b32ea14ea797530a4479b2ed46a6fb250f682a9cfb997e968bf0261/networkx-3.4.2-py3-none-any.whl", hash = "sha256:df5d4365b724cf81b8c6a7312509d0c22386097011ad1abe274afd5e9d3bbc5f", size = 1723263 },
]

[[package]]
name = "packaging"
version = "24.2"
source = { registry = "https://pypi.org/simple" }
sdist = { url = "https://files.pythonhosted.org/packages/d0/63/68dbb6eb2de9cb10ee4c9c14a0148804425e13c4fb20d61cce69f53106da/packaging-24.2.tar.gz", hash = "sha256:c228a6dc5e932d346bc5739379109d49e8853dd8223571c7c5b55260edc0b97f", size = 163950 }
wheels = [
    { url = "https://files.pythonhosted.org/packages/88/ef/eb23f262cca3c0c4eb7ab1933c3b1f03d021f2c48f54763065b6f0e321be/packaging-24.2-py3-none-any.whl", hash = "sha256:09abb1bccd265c01f4a3aa3f7a7db064b36514d2cba19a2f694fe6150451a759", size = 65451 },
]

[[package]]
name = "pluggy"
version = "1.5.0"
source = { registry = "https://pypi.org/simple" }
sdist = { url = "https://files.pythonhosted.org/packages/96/2d/02d4312c973c6050a18b314a5ad0b3210edb65a906f868e31c111dede4a6/pluggy-1.5.0.tar.gz", hash = "sha256:2cffa88e94fdc978c4c574f15f9e59b7f4201d439195c3715ca9e2486f1d0cf1", size = 67955 }
wheels = [
    { url = "https://files.pythonhosted.org/packages/88/5f/e351af9a41f866ac3f1fac4ca0613908d9a41741cfcf2228f4ad853b697d/pluggy-1.5.0-py3-none-any.whl", hash = "sha256:44e1ad92c8ca002de6377e165f3e0f1be63266ab4d554740532335b9d75ea669", size = 20556 },
]

[[package]]
name = "pydantic"
version = "2.8.2"
source = { registry = "https://pypi.org/simple" }
dependencies = [
    { name = "annotated-types" },
    { name = "pydantic-core" },
    { name = "typing-extensions" },
]
sdist = { url = "https://files.pythonhosted.org/packages/8c/99/d0a5dca411e0a017762258013ba9905cd6e7baa9a3fd1fe8b6529472902e/pydantic-2.8.2.tar.gz", hash = "sha256:6f62c13d067b0755ad1c21a34bdd06c0c12625a22b0fc09c6b149816604f7c2a", size = 739834 }
wheels = [
    { url = "https://files.pythonhosted.org/packages/1f/fa/b7f815b8c9ad021c07f88875b601222ef5e70619391ade4a49234d12d278/pydantic-2.8.2-py3-none-any.whl", hash = "sha256:73ee9fddd406dc318b885c7a2eab8a6472b68b8fb5ba8150949fc3db939f23c8", size = 423875 },
]

[[package]]
name = "pydantic-core"
version = "2.20.1"
source = { registry = "https://pypi.org/simple" }
dependencies = [
    { name = "typing-extensions" },
]
sdist = { url = "https://files.pythonhosted.org/packages/12/e3/0d5ad91211dba310f7ded335f4dad871172b9cc9ce204f5a56d76ccd6247/pydantic_core-2.20.1.tar.gz", hash = "sha256:26ca695eeee5f9f1aeeb211ffc12f10bcb6f71e2989988fda61dabd65db878d4", size = 388371 }
wheels = [
    { url = "https://files.pythonhosted.org/packages/6b/9d/f30f080f745682e762512f3eef1f6e392c7d74a102e6e96de8a013a5db84/pydantic_core-2.20.1-cp310-cp310-macosx_10_12_x86_64.whl", hash = "sha256:3acae97ffd19bf091c72df4d726d552c473f3576409b2a7ca36b2f535ffff4a3", size = 1837257 },
    { url = "https://files.pythonhosted.org/packages/f2/89/77e7aebdd4a235497ac1e07f0a99e9f40e47f6e0f6783fe30500df08fc42/pydantic_core-2.20.1-cp310-cp310-macosx_11_0_arm64.whl", hash = "sha256:41f4c96227a67a013e7de5ff8f20fb496ce573893b7f4f2707d065907bffdbd6", size = 1776715 },
    { url = "https://files.pythonhosted.org/packages/18/50/5a4e9120b395108c2a0441a425356c0d26a655d7c617288bec1c28b854ac/pydantic_core-2.20.1-cp310-cp310-manylinux_2_17_aarch64.manylinux2014_aarch64.whl", hash = "sha256:5f239eb799a2081495ea659d8d4a43a8f42cd1fe9ff2e7e436295c38a10c286a", size = 1789023 },
    { url = "https://files.pythonhosted.org/packages/c7/e5/f19e13ba86b968d024b56aa53f40b24828652ac026e5addd0ae49eeada02/pydantic_core-2.20.1-cp310-cp310-manylinux_2_17_armv7l.manylinux2014_armv7l.whl", hash = "sha256:53e431da3fc53360db73eedf6f7124d1076e1b4ee4276b36fb25514544ceb4a3", size = 1775598 },
    { url = "https://files.pythonhosted.org/packages/c9/c7/f3c29bed28bd022c783baba5bf9946c4f694cb837a687e62f453c81eb5c6/pydantic_core-2.20.1-cp310-cp310-manylinux_2_17_ppc64le.manylinux2014_ppc64le.whl", hash = "sha256:f1f62b2413c3a0e846c3b838b2ecd6c7a19ec6793b2a522745b0869e37ab5bc1", size = 1977691 },
    { url = "https://files.pythonhosted.org/packages/41/3e/f62c2a05c554fff34570f6788617e9670c83ed7bc07d62a55cccd1bc0be6/pydantic_core-2.20.1-cp310-cp310-manylinux_2_17_s390x.manylinux2014_s390x.whl", hash = "sha256:5d41e6daee2813ecceea8eda38062d69e280b39df793f5a942fa515b8ed67953", size = 2693214 },
    { url = "https://files.pythonhosted.org/packages/ae/49/8a6fe79d35e2f3bea566d8ea0e4e6f436d4f749d7838c8e8c4c5148ae706/pydantic_core-2.20.1-cp310-cp310-manylinux_2_17_x86_64.manylinux2014_x86_64.whl", hash = "sha256:3d482efec8b7dc6bfaedc0f166b2ce349df0011f5d2f1f25537ced4cfc34fd98", size = 2061047 },
    { url = "https://files.pythonhosted.org/packages/51/c6/585355c7c8561e11197dbf6333c57dd32f9f62165d48589b57ced2373d97/pydantic_core-2.20.1-cp310-cp310-manylinux_2_5_i686.manylinux1_i686.whl", hash = "sha256:e93e1a4b4b33daed65d781a57a522ff153dcf748dee70b40c7258c5861e1768a", size = 1895106 },
    { url = "https://files.pythonhosted.org/packages/ce/23/829f6b87de0775919e82f8addef8b487ace1c77bb4cb754b217f7b1301b6/pydantic_core-2.20.1-cp310-cp310-musllinux_1_1_aarch64.whl", hash = "sha256:e7c4ea22b6739b162c9ecaaa41d718dfad48a244909fe7ef4b54c0b530effc5a", size = 1968506 },
    { url = "https://files.pythonhosted.org/packages/ca/2f/f8ca8f0c40b3ee0a4d8730a51851adb14c5eda986ec09f8d754b2fba784e/pydantic_core-2.20.1-cp310-cp310-musllinux_1_1_x86_64.whl", hash = "sha256:4f2790949cf385d985a31984907fecb3896999329103df4e4983a4a41e13e840", size = 2110217 },
    { url = "https://files.pythonhosted.org/packages/bb/a0/1876656c7b17eb69cc683452cce6bb890dd722222a71b3de57ddb512f561/pydantic_core-2.20.1-cp310-none-win32.whl", hash = "sha256:5e999ba8dd90e93d57410c5e67ebb67ffcaadcea0ad973240fdfd3a135506250", size = 1709669 },
    { url = "https://files.pythonhosted.org/packages/be/4a/576524eefa9b301c088c4818dc50ff1c51a88fe29efd87ab75748ae15fd7/pydantic_core-2.20.1-cp310-none-win_amd64.whl", hash = "sha256:512ecfbefef6dac7bc5eaaf46177b2de58cdf7acac8793fe033b24ece0b9566c", size = 1902386 },
    { url = "https://files.pythonhosted.org/packages/61/db/f6a724db226d990a329910727cfac43539ff6969edc217286dd05cda3ef6/pydantic_core-2.20.1-cp311-cp311-macosx_10_12_x86_64.whl", hash = "sha256:d2a8fa9d6d6f891f3deec72f5cc668e6f66b188ab14bb1ab52422fe8e644f312", size = 1834507 },
    { url = "https://files.pythonhosted.org/packages/9b/83/6f2bfe75209d557ae1c3550c1252684fc1827b8b12fbed84c3b4439e135d/pydantic_core-2.20.1-cp311-cp311-macosx_11_0_arm64.whl", hash = "sha256:175873691124f3d0da55aeea1d90660a6ea7a3cfea137c38afa0a5ffabe37b88", size = 1773527 },
    { url = "https://files.pythonhosted.org/packages/93/ef/513ea76d7ca81f2354bb9c8d7839fc1157673e652613f7e1aff17d8ce05d/pydantic_core-2.20.1-cp311-cp311-manylinux_2_17_aarch64.manylinux2014_aarch64.whl", hash = "sha256:37eee5b638f0e0dcd18d21f59b679686bbd18917b87db0193ae36f9c23c355fc", size = 1787879 },
    { url = "https://files.pythonhosted.org/packages/31/0a/ac294caecf235f0cc651de6232f1642bb793af448d1cfc541b0dc1fd72b8/pydantic_core-2.20.1-cp311-cp311-manylinux_2_17_armv7l.manylinux2014_armv7l.whl", hash = "sha256:25e9185e2d06c16ee438ed39bf62935ec436474a6ac4f9358524220f1b236e43", size = 1774694 },
    { url = "https://files.pythonhosted.org/packages/46/a4/08f12b5512f095963550a7cb49ae010e3f8f3f22b45e508c2cb4d7744fce/pydantic_core-2.20.1-cp311-cp311-manylinux_2_17_ppc64le.manylinux2014_ppc64le.whl", hash = "sha256:150906b40ff188a3260cbee25380e7494ee85048584998c1e66df0c7a11c17a6", size = 1976369 },
    { url = "https://files.pythonhosted.org/packages/15/59/b2495be4410462aedb399071c71884042a2c6443319cbf62d00b4a7ed7a5/pydantic_core-2.20.1-cp311-cp311-manylinux_2_17_s390x.manylinux2014_s390x.whl", hash = "sha256:8ad4aeb3e9a97286573c03df758fc7627aecdd02f1da04516a86dc159bf70121", size = 2691250 },
    { url = "https://files.pythonhosted.org/packages/3c/ae/fc99ce1ba791c9e9d1dee04ce80eef1dae5b25b27e3fc8e19f4e3f1348bf/pydantic_core-2.20.1-cp311-cp311-manylinux_2_17_x86_64.manylinux2014_x86_64.whl", hash = "sha256:d3f3ed29cd9f978c604708511a1f9c2fdcb6c38b9aae36a51905b8811ee5cbf1", size = 2061462 },
    { url = "https://files.pythonhosted.org/packages/44/bb/eb07cbe47cfd638603ce3cb8c220f1a054b821e666509e535f27ba07ca5f/pydantic_core-2.20.1-cp311-cp311-manylinux_2_5_i686.manylinux1_i686.whl", hash = "sha256:b0dae11d8f5ded51699c74d9548dcc5938e0804cc8298ec0aa0da95c21fff57b", size = 1893923 },
    { url = "https://files.pythonhosted.org/packages/ce/ef/5a52400553b8faa0e7f11fd7a2ba11e8d2feb50b540f9e7973c49b97eac0/pydantic_core-2.20.1-cp311-cp311-musllinux_1_1_aarch64.whl", hash = "sha256:faa6b09ee09433b87992fb5a2859efd1c264ddc37280d2dd5db502126d0e7f27", size = 1966779 },
    { url = "https://files.pythonhosted.org/packages/4c/5b/fb37fe341344d9651f5c5f579639cd97d50a457dc53901aa8f7e9f28beb9/pydantic_core-2.20.1-cp311-cp311-musllinux_1_1_x86_64.whl", hash = "sha256:9dc1b507c12eb0481d071f3c1808f0529ad41dc415d0ca11f7ebfc666e66a18b", size = 2109044 },
    { url = "https://files.pythonhosted.org/packages/70/1a/6f7278802dbc66716661618807ab0dfa4fc32b09d1235923bbbe8b3a5757/pydantic_core-2.20.1-cp311-none-win32.whl", hash = "sha256:fa2fddcb7107e0d1808086ca306dcade7df60a13a6c347a7acf1ec139aa6789a", size = 1708265 },
    { url = "https://files.pythonhosted.org/packages/35/7f/58758c42c61b0bdd585158586fecea295523d49933cb33664ea888162daf/pydantic_core-2.20.1-cp311-none-win_amd64.whl", hash = "sha256:40a783fb7ee353c50bd3853e626f15677ea527ae556429453685ae32280c19c2", size = 1901750 },
    { url = "https://files.pythonhosted.org/packages/6f/47/ef0d60ae23c41aced42921728650460dc831a0adf604bfa66b76028cb4d0/pydantic_core-2.20.1-cp312-cp312-macosx_10_12_x86_64.whl", hash = "sha256:595ba5be69b35777474fa07f80fc260ea71255656191adb22a8c53aba4479231", size = 1839225 },
    { url = "https://files.pythonhosted.org/packages/6a/23/430f2878c9cd977a61bb39f71751d9310ec55cee36b3d5bf1752c6341fd0/pydantic_core-2.20.1-cp312-cp312-macosx_11_0_arm64.whl", hash = "sha256:a4f55095ad087474999ee28d3398bae183a66be4823f753cd7d67dd0153427c9", size = 1768604 },
    { url = "https://files.pythonhosted.org/packages/9e/2b/ec4e7225dee79e0dc80ccc3c35ab33cc2c4bbb8a1a7ecf060e5e453651ec/pydantic_core-2.20.1-cp312-cp312-manylinux_2_17_aarch64.manylinux2014_aarch64.whl", hash = "sha256:f9aa05d09ecf4c75157197f27cdc9cfaeb7c5f15021c6373932bf3e124af029f", size = 1789767 },
    { url = "https://files.pythonhosted.org/packages/64/b0/38b24a1fa6d2f96af3148362e10737ec073768cd44d3ec21dca3be40a519/pydantic_core-2.20.1-cp312-cp312-manylinux_2_17_armv7l.manylinux2014_armv7l.whl", hash = "sha256:e97fdf088d4b31ff4ba35db26d9cc472ac7ef4a2ff2badeabf8d727b3377fc52", size = 1772061 },
    { url = "https://files.pythonhosted.org/packages/5e/da/bb73274c42cb60decfa61e9eb0c9029da78b3b9af0a9de0309dbc8ff87b6/pydantic_core-2.20.1-cp312-cp312-manylinux_2_17_ppc64le.manylinux2014_ppc64le.whl", hash = "sha256:bc633a9fe1eb87e250b5c57d389cf28998e4292336926b0b6cdaee353f89a237", size = 1974573 },
    { url = "https://files.pythonhosted.org/packages/c8/65/41693110fb3552556180460daffdb8bbeefb87fc026fd9aa4b849374015c/pydantic_core-2.20.1-cp312-cp312-manylinux_2_17_s390x.manylinux2014_s390x.whl", hash = "sha256:d573faf8eb7e6b1cbbcb4f5b247c60ca8be39fe2c674495df0eb4318303137fe", size = 2625596 },
    { url = "https://files.pythonhosted.org/packages/09/b3/a5a54b47cccd1ab661ed5775235c5e06924753c2d4817737c5667bfa19a8/pydantic_core-2.20.1-cp312-cp312-manylinux_2_17_x86_64.manylinux2014_x86_64.whl", hash = "sha256:26dc97754b57d2fd00ac2b24dfa341abffc380b823211994c4efac7f13b9e90e", size = 2099064 },
    { url = "https://files.pythonhosted.org/packages/52/fa/443a7a6ea54beaba45ff3a59f3d3e6e3004b7460bcfb0be77bcf98719d3b/pydantic_core-2.20.1-cp312-cp312-manylinux_2_5_i686.manylinux1_i686.whl", hash = "sha256:33499e85e739a4b60c9dac710c20a08dc73cb3240c9a0e22325e671b27b70d24", size = 1900345 },
    { url = "https://files.pythonhosted.org/packages/8e/e6/9aca9ffae60f9cdf0183069de3e271889b628d0fb175913fcb3db5618fb1/pydantic_core-2.20.1-cp312-cp312-musllinux_1_1_aarch64.whl", hash = "sha256:bebb4d6715c814597f85297c332297c6ce81e29436125ca59d1159b07f423eb1", size = 1968252 },
    { url = "https://files.pythonhosted.org/packages/46/5e/6c716810ea20a6419188992973a73c2fb4eb99cd382368d0637ddb6d3c99/pydantic_core-2.20.1-cp312-cp312-musllinux_1_1_x86_64.whl", hash = "sha256:516d9227919612425c8ef1c9b869bbbee249bc91912c8aaffb66116c0b447ebd", size = 2119191 },
    { url = "https://files.pythonhosted.org/packages/06/fc/6123b00a9240fbb9ae0babad7a005d51103d9a5d39c957a986f5cdd0c271/pydantic_core-2.20.1-cp312-none-win32.whl", hash = "sha256:469f29f9093c9d834432034d33f5fe45699e664f12a13bf38c04967ce233d688", size = 1717788 },
    { url = "https://files.pythonhosted.org/packages/d5/36/e61ad5a46607a469e2786f398cd671ebafcd9fb17f09a2359985c7228df5/pydantic_core-2.20.1-cp312-none-win_amd64.whl", hash = "sha256:035ede2e16da7281041f0e626459bcae33ed998cca6a0a007a5ebb73414ac72d", size = 1898188 },
    { url = "https://files.pythonhosted.org/packages/49/75/40b0e98b658fdba02a693b3bacb4c875a28bba87796c7b13975976597d8c/pydantic_core-2.20.1-cp313-cp313-macosx_10_12_x86_64.whl", hash = "sha256:0827505a5c87e8aa285dc31e9ec7f4a17c81a813d45f70b1d9164e03a813a686", size = 1838688 },
    { url = "https://files.pythonhosted.org/packages/75/02/d8ba2d4a266591a6a623c68b331b96523d4b62ab82a951794e3ed8907390/pydantic_core-2.20.1-cp313-cp313-macosx_11_0_arm64.whl", hash = "sha256:19c0fa39fa154e7e0b7f82f88ef85faa2a4c23cc65aae2f5aea625e3c13c735a", size = 1768409 },
    { url = "https://files.pythonhosted.org/packages/91/ae/25ecd9bc4ce4993e99a1a3c9ab111c082630c914260e129572fafed4ecc2/pydantic_core-2.20.1-cp313-cp313-manylinux_2_17_aarch64.manylinux2014_aarch64.whl", hash = "sha256:4aa223cd1e36b642092c326d694d8bf59b71ddddc94cdb752bbbb1c5c91d833b", size = 1789317 },
    { url = "https://files.pythonhosted.org/packages/7a/80/72057580681cdbe55699c367963d9c661b569a1d39338b4f6239faf36cdc/pydantic_core-2.20.1-cp313-cp313-manylinux_2_17_armv7l.manylinux2014_armv7l.whl", hash = "sha256:c336a6d235522a62fef872c6295a42ecb0c4e1d0f1a3e500fe949415761b8a19", size = 1771949 },
    { url = "https://files.pythonhosted.org/packages/a2/be/d9bbabc55b05019013180f141fcaf3b14dbe15ca7da550e95b60c321009a/pydantic_core-2.20.1-cp313-cp313-manylinux_2_17_ppc64le.manylinux2014_ppc64le.whl", hash = "sha256:7eb6a0587eded33aeefea9f916899d42b1799b7b14b8f8ff2753c0ac1741edac", size = 1974392 },
    { url = "https://files.pythonhosted.org/packages/79/2d/7bcd938c6afb0f40293283f5f09988b61fb0a4f1d180abe7c23a2f665f8e/pydantic_core-2.20.1-cp313-cp313-manylinux_2_17_s390x.manylinux2014_s390x.whl", hash = "sha256:70c8daf4faca8da5a6d655f9af86faf6ec2e1768f4b8b9d0226c02f3d6209703", size = 2625565 },
    { url = "https://files.pythonhosted.org/packages/ac/88/ca758e979457096008a4b16a064509028e3e092a1e85a5ed6c18ced8da88/pydantic_core-2.20.1-cp313-cp313-manylinux_2_17_x86_64.manylinux2014_x86_64.whl", hash = "sha256:e9fa4c9bf273ca41f940bceb86922a7667cd5bf90e95dbb157cbb8441008482c", size = 2098784 },
    { url = "https://files.pythonhosted.org/packages/eb/de/2fad6d63c3c42e472e985acb12ec45b7f56e42e6f4cd6dfbc5e87ee8678c/pydantic_core-2.20.1-cp313-cp313-manylinux_2_5_i686.manylinux1_i686.whl", hash = "sha256:11b71d67b4725e7e2a9f6e9c0ac1239bbc0c48cce3dc59f98635efc57d6dac83", size = 1900198 },
    { url = "https://files.pythonhosted.org/packages/fe/50/077c7f35b6488dc369a6d22993af3a37901e198630f38ac43391ca730f5b/pydantic_core-2.20.1-cp313-cp313-musllinux_1_1_aarch64.whl", hash = "sha256:270755f15174fb983890c49881e93f8f1b80f0b5e3a3cc1394a255706cabd203", size = 1968005 },
    { url = "https://files.pythonhosted.org/packages/5d/1f/f378631574ead46d636b9a04a80ff878b9365d4b361b1905ef1667d4182a/pydantic_core-2.20.1-cp313-cp313-musllinux_1_1_x86_64.whl", hash = "sha256:c81131869240e3e568916ef4c307f8b99583efaa60a8112ef27a366eefba8ef0", size = 2118920 },
    { url = "https://files.pythonhosted.org/packages/7a/ea/e4943f17df7a3031d709481fe4363d4624ae875a6409aec34c28c9e6cf59/pydantic_core-2.20.1-cp313-none-win32.whl", hash = "sha256:b91ced227c41aa29c672814f50dbb05ec93536abf8f43cd14ec9521ea09afe4e", size = 1717397 },
    { url = "https://files.pythonhosted.org/packages/13/63/b95781763e8d84207025071c0cec16d921c0163c7a9033ae4b9a0e020dc7/pydantic_core-2.20.1-cp313-none-win_amd64.whl", hash = "sha256:65db0f2eefcaad1a3950f498aabb4875c8890438bc80b19362cf633b87a8ab20", size = 1898013 },
    { url = "https://files.pythonhosted.org/packages/73/73/0c7265903f66cce39ed7ca939684fba344210cefc91ccc999cfd5b113fd3/pydantic_core-2.20.1-pp310-pypy310_pp73-macosx_10_12_x86_64.whl", hash = "sha256:a45f84b09ac9c3d35dfcf6a27fd0634d30d183205230a0ebe8373a0e8cfa0906", size = 1828190 },
    { url = "https://files.pythonhosted.org/packages/27/55/60b8b0e58b49ee3ed36a18562dd7c6bc06a551c390e387af5872a238f2ec/pydantic_core-2.20.1-pp310-pypy310_pp73-macosx_11_0_arm64.whl", hash = "sha256:d02a72df14dfdbaf228424573a07af10637bd490f0901cee872c4f434a735b94", size = 1715252 },
    { url = "https://files.pythonhosted.org/packages/28/3d/d66314bad6bb777a36559195a007b31e916bd9e2c198f7bb8f4ccdceb4fa/pydantic_core-2.20.1-pp310-pypy310_pp73-manylinux_2_17_aarch64.manylinux2014_aarch64.whl", hash = "sha256:d2b27e6af28f07e2f195552b37d7d66b150adbaa39a6d327766ffd695799780f", size = 1782641 },
    { url = "https://files.pythonhosted.org/packages/9e/f5/f178f4354d0d6c1431a8f9ede71f3c4269ac4dc55d314fdb7555814276dc/pydantic_core-2.20.1-pp310-pypy310_pp73-manylinux_2_17_x86_64.manylinux2014_x86_64.whl", hash = "sha256:084659fac3c83fd674596612aeff6041a18402f1e1bc19ca39e417d554468482", size = 1928788 },
    { url = "https://files.pythonhosted.org/packages/9c/51/1f5e27bb194df79e30b593b608c66e881ed481241e2b9ed5bdf86d165480/pydantic_core-2.20.1-pp310-pypy310_pp73-manylinux_2_5_i686.manylinux1_i686.whl", hash = "sha256:242b8feb3c493ab78be289c034a1f659e8826e2233786e36f2893a950a719bb6", size = 1886116 },
    { url = "https://files.pythonhosted.org/packages/ac/76/450d9258c58dc7c70b9e3aadf6bebe23ddd99e459c365e2adbde80e238da/pydantic_core-2.20.1-pp310-pypy310_pp73-musllinux_1_1_aarch64.whl", hash = "sha256:38cf1c40a921d05c5edc61a785c0ddb4bed67827069f535d794ce6bcded919fc", size = 1960125 },
    { url = "https://files.pythonhosted.org/packages/dd/9e/0309a7a4bea51771729515e413b3987be0789837de99087f7415e0db1f9b/pydantic_core-2.20.1-pp310-pypy310_pp73-musllinux_1_1_x86_64.whl", hash = "sha256:e0bbdd76ce9aa5d4209d65f2b27fc6e5ef1312ae6c5333c26db3f5ade53a1e99", size = 2100407 },
    { url = "https://files.pythonhosted.org/packages/af/93/06d44e08277b3b818b75bd5f25e879d7693e4b7dd3505fde89916fcc9ca2/pydantic_core-2.20.1-pp310-pypy310_pp73-win_amd64.whl", hash = "sha256:254ec27fdb5b1ee60684f91683be95e5133c994cc54e86a0b0963afa25c8f8a6", size = 1914966 },
]

[[package]]
name = "pydantic-extra-types"
version = "2.10.0"
source = { registry = "https://pypi.org/simple" }
dependencies = [
    { name = "pydantic" },
    { name = "typing-extensions" },
]
sdist = { url = "https://files.pythonhosted.org/packages/f4/92/8542f406466d11bf348b795d498906034f9bb9016f09e906ff7fee6444be/pydantic_extra_types-2.10.0.tar.gz", hash = "sha256:552c47dd18fe1d00cfed75d9981162a2f3203cf7e77e55a3d3e70936f59587b9", size = 44559 }
wheels = [
    { url = "https://files.pythonhosted.org/packages/38/41/0b0cc8b59c31a04bdfde2ae71fccbb13c11fadafc8bd41a2af3e76db7e44/pydantic_extra_types-2.10.0-py3-none-any.whl", hash = "sha256:b19943914e6286548254f5079d1da094e9c0583ee91a8e611e9df24bfd07dbcd", size = 34185 },
]

[[package]]
name = "pytest"
version = "8.3.3"
source = { registry = "https://pypi.org/simple" }
dependencies = [
    { name = "colorama", marker = "sys_platform == 'win32'" },
    { name = "exceptiongroup", marker = "python_full_version < '3.11'" },
    { name = "iniconfig" },
    { name = "packaging" },
    { name = "pluggy" },
    { name = "tomli", marker = "python_full_version < '3.11'" },
]
sdist = { url = "https://files.pythonhosted.org/packages/8b/6c/62bbd536103af674e227c41a8f3dcd022d591f6eed5facb5a0f31ee33bbc/pytest-8.3.3.tar.gz", hash = "sha256:70b98107bd648308a7952b06e6ca9a50bc660be218d53c257cc1fc94fda10181", size = 1442487 }
wheels = [
    { url = "https://files.pythonhosted.org/packages/6b/77/7440a06a8ead44c7757a64362dd22df5760f9b12dc5f11b6188cd2fc27a0/pytest-8.3.3-py3-none-any.whl", hash = "sha256:a6853c7375b2663155079443d2e45de913a911a11d669df02a50814944db57b2", size = 342341 },
]

[[package]]
name = "ruff"
version = "0.7.3"
source = { registry = "https://pypi.org/simple" }
sdist = { url = "https://files.pythonhosted.org/packages/4b/06/09d1276df977eece383d0ed66052fc24ec4550a61f8fbc0a11200e690496/ruff-0.7.3.tar.gz", hash = "sha256:e1d1ba2e40b6e71a61b063354d04be669ab0d39c352461f3d789cac68b54a313", size = 3243664 }
wheels = [
    { url = "https://files.pythonhosted.org/packages/c0/56/933d433c2489e4642487b835f53dd9ff015fb3d8fa459b09bb2ce42d7c4b/ruff-0.7.3-py3-none-linux_armv6l.whl", hash = "sha256:34f2339dc22687ec7e7002792d1f50712bf84a13d5152e75712ac08be565d344", size = 10372090 },
    { url = "https://files.pythonhosted.org/packages/20/ea/1f0a22a6bcdd3fc26c73f63a025d05bd565901b729d56bcb093c722a6c4c/ruff-0.7.3-py3-none-macosx_10_12_x86_64.whl", hash = "sha256:fb397332a1879b9764a3455a0bb1087bda876c2db8aca3a3cbb67b3dbce8cda0", size = 10190037 },
    { url = "https://files.pythonhosted.org/packages/16/74/aca75666e0d481fe394e76a8647c44ea919087748024924baa1a17371e3e/ruff-0.7.3-py3-none-macosx_11_0_arm64.whl", hash = "sha256:37d0b619546103274e7f62643d14e1adcbccb242efda4e4bdb9544d7764782e9", size = 9811998 },
    { url = "https://files.pythonhosted.org/packages/20/a1/cf446a0d7f78ea1f0bd2b9171c11dfe746585c0c4a734b25966121eb4f5d/ruff-0.7.3-py3-none-manylinux_2_17_aarch64.manylinux2014_aarch64.whl", hash = "sha256:5d59f0c3ee4d1a6787614e7135b72e21024875266101142a09a61439cb6e38a5", size = 10620626 },
    { url = "https://files.pythonhosted.org/packages/cd/c1/82b27d09286ae855f5d03b1ad37cf243f21eb0081732d4d7b0d658d439cb/ruff-0.7.3-py3-none-manylinux_2_17_armv7l.manylinux2014_armv7l.whl", hash = "sha256:44eb93c2499a169d49fafd07bc62ac89b1bc800b197e50ff4633aed212569299", size = 10177598 },
    { url = "https://files.pythonhosted.org/packages/b9/42/c0acac22753bf74013d035a5ef6c5c4c40ad4d6686bfb3fda7c6f37d9b37/ruff-0.7.3-py3-none-manylinux_2_17_i686.manylinux2014_i686.whl", hash = "sha256:6d0242ce53f3a576c35ee32d907475a8d569944c0407f91d207c8af5be5dae4e", size = 11171963 },
    { url = "https://files.pythonhosted.org/packages/43/18/bb0befb7fb9121dd9009e6a72eb98e24f1bacb07c6f3ecb55f032ba98aed/ruff-0.7.3-py3-none-manylinux_2_17_ppc64.manylinux2014_ppc64.whl", hash = "sha256:6b6224af8b5e09772c2ecb8dc9f3f344c1aa48201c7f07e7315367f6dd90ac29", size = 11856157 },
    { url = "https://files.pythonhosted.org/packages/5e/91/04e98d7d6e32eca9d1372be595f9abc7b7f048795e32eb2edbd8794d50bd/ruff-0.7.3-py3-none-manylinux_2_17_ppc64le.manylinux2014_ppc64le.whl", hash = "sha256:c50f95a82b94421c964fae4c27c0242890a20fe67d203d127e84fbb8013855f5", size = 11440331 },
    { url = "https://files.pythonhosted.org/packages/f5/dc/3fe99f2ce10b76d389041a1b9f99e7066332e479435d4bebcceea16caff5/ruff-0.7.3-py3-none-manylinux_2_17_s390x.manylinux2014_s390x.whl", hash = "sha256:7f3eff9961b5d2644bcf1616c606e93baa2d6b349e8aa8b035f654df252c8c67", size = 12725354 },
    { url = "https://files.pythonhosted.org/packages/43/7b/1daa712de1c5bc6cbbf9fa60e9c41cc48cda962dc6d2c4f2a224d2c3007e/ruff-0.7.3-py3-none-manylinux_2_17_x86_64.manylinux2014_x86_64.whl", hash = "sha256:b8963cab06d130c4df2fd52c84e9f10d297826d2e8169ae0c798b6221be1d1d2", size = 11010091 },
    { url = "https://files.pythonhosted.org/packages/b6/db/1227a903587432eb569e57a95b15a4f191a71fe315cde4c0312df7bc85da/ruff-0.7.3-py3-none-musllinux_1_2_aarch64.whl", hash = "sha256:61b46049d6edc0e4317fb14b33bd693245281a3007288b68a3f5b74a22a0746d", size = 10610687 },
    { url = "https://files.pythonhosted.org/packages/db/e2/dc41ee90c3085aadad4da614d310d834f641aaafddf3dfbba08210c616ce/ruff-0.7.3-py3-none-musllinux_1_2_armv7l.whl", hash = "sha256:10ebce7696afe4644e8c1a23b3cf8c0f2193a310c18387c06e583ae9ef284de2", size = 10254843 },
    { url = "https://files.pythonhosted.org/packages/6f/09/5f6cac1c91542bc5bd33d40b4c13b637bf64d7bb29e091dadb01b62527fe/ruff-0.7.3-py3-none-musllinux_1_2_i686.whl", hash = "sha256:3f36d56326b3aef8eeee150b700e519880d1aab92f471eefdef656fd57492aa2", size = 10730962 },
    { url = "https://files.pythonhosted.org/packages/d3/42/89a4b9a24ef7d00269e24086c417a006f9a3ffeac2c80f2629eb5ce140ee/ruff-0.7.3-py3-none-musllinux_1_2_x86_64.whl", hash = "sha256:5d024301109a0007b78d57ab0ba190087b43dce852e552734ebf0b0b85e4fb16", size = 11101907 },
    { url = "https://files.pythonhosted.org/packages/b0/5c/efdb4777686683a8edce94ffd812783bddcd3d2454d38c5ac193fef7c500/ruff-0.7.3-py3-none-win32.whl", hash = "sha256:4ba81a5f0c5478aa61674c5a2194de8b02652f17addf8dfc40c8937e6e7d79fc", size = 8611095 },
    { url = "https://files.pythonhosted.org/packages/bb/b8/28fbc6a4efa50178f973972d1c84b2d0a33cdc731588522ab751ac3da2f5/ruff-0.7.3-py3-none-win_amd64.whl", hash = "sha256:588a9ff2fecf01025ed065fe28809cd5a53b43505f48b69a1ac7707b1b7e4088", size = 9418283 },
    { url = "https://files.pythonhosted.org/packages/3f/77/b587cba6febd5e2003374f37eb89633f79f161e71084f94057c8653b7fb3/ruff-0.7.3-py3-none-win_arm64.whl", hash = "sha256:1713e2c5545863cdbfe2cbce21f69ffaf37b813bfd1fb3b90dc9a6f1963f5a8c", size = 8725228 },
]

[[package]]
name = "semver"
version = "3.0.2"
source = { registry = "https://pypi.org/simple" }
sdist = { url = "https://files.pythonhosted.org/packages/41/6c/a536cc008f38fd83b3c1b98ce19ead13b746b5588c9a0cb9dd9f6ea434bc/semver-3.0.2.tar.gz", hash = "sha256:6253adb39c70f6e51afed2fa7152bcd414c411286088fb4b9effb133885ab4cc", size = 214988 }
wheels = [
    { url = "https://files.pythonhosted.org/packages/9a/77/0cc7a8a3bc7e53d07e8f47f147b92b0960e902b8254859f4aee5c4d7866b/semver-3.0.2-py3-none-any.whl", hash = "sha256:b1ea4686fe70b981f85359eda33199d60c53964284e0cfb4977d243e37cf4bf4", size = 17099 },
]

[[package]]
name = "tket2-exts"
version = "0.3.0"
source = { registry = "https://pypi.org/simple" }
dependencies = [
    { name = "hugr" },
]
sdist = { url = "https://files.pythonhosted.org/packages/26/b4/fb7a861794ba9a3cce6ea94be74627fc83dac946029e67e31ab918e21a57/tket2_exts-0.3.0.tar.gz", hash = "sha256:ddfe1a410059675fad960f8ff6fc3110914a46edf1d29ef59403f242d50551f0", size = 9562 }
wheels = [
    { url = "https://files.pythonhosted.org/packages/af/de/8dce94965f71bf33aac68c69e9c383307d57e1f955fa6e1b1ae67e059aba/tket2_exts-0.3.0-py3-none-any.whl", hash = "sha256:5bc144fcc18aacfa26f3ae68c81aa154db5479097c38a75cde12bccc03d6a8cd", size = 14691 },
]

[[package]]
name = "tomli"
version = "2.0.2"
source = { registry = "https://pypi.org/simple" }
sdist = { url = "https://files.pythonhosted.org/packages/35/b9/de2a5c0144d7d75a57ff355c0c24054f965b2dc3036456ae03a51ea6264b/tomli-2.0.2.tar.gz", hash = "sha256:d46d457a85337051c36524bc5349dd91b1877838e2979ac5ced3e710ed8a60ed", size = 16096 }
wheels = [
    { url = "https://files.pythonhosted.org/packages/cf/db/ce8eda256fa131af12e0a76d481711abe4681b6923c27efb9a255c9e4594/tomli-2.0.2-py3-none-any.whl", hash = "sha256:2ebe24485c53d303f690b0ec092806a085f07af5a5aa1464f3931eec36caaa38", size = 13237 },
]

[[package]]
name = "typing-extensions"
version = "4.12.2"
source = { registry = "https://pypi.org/simple" }
sdist = { url = "https://files.pythonhosted.org/packages/df/db/f35a00659bc03fec321ba8bce9420de607a1d37f8342eee1863174c69557/typing_extensions-4.12.2.tar.gz", hash = "sha256:1a7ead55c7e559dd4dee8856e3a88b41225abfe1ce8df57b7c13915fe121ffb8", size = 85321 }
wheels = [
    { url = "https://files.pythonhosted.org/packages/26/9f/ad63fc0248c5379346306f8668cda6e2e2e9c95e01216d2b8ffd9ff037d0/typing_extensions-4.12.2-py3-none-any.whl", hash = "sha256:04e5ca0351e0f3f85c6853954072df659d0d13fac324d0072316b67d7794700d", size = 37438 },
]
